
Microsoft Visual Studio Solution File, Format Version 12.00
# Visual Studio Version 16
VisualStudioVersion = 16.0.31313.79
MinimumVisualStudioVersion = 10.0.40219.1
Project("{9A19103F-16F7-4668-BE54-9A1E7A4F7556}") = "Buildenator", "Buildenator\Buildenator.csproj", "{DF20C7D1-9B74-49AA-AC16-45CE0CB2747F}"
EndProject
Project("{2150E333-8FDC-42A3-9474-1A3956D46DE8}") = "Solution Items", "Solution Items", "{22C7A91F-E4EC-4822-9D73-2B1A641FBF0A}"
	ProjectSection(SolutionItems) = preProject
		global.json = global.json
	EndProjectSection
EndProject
Project("{2150E333-8FDC-42A3-9474-1A3956D46DE8}") = "Samples", "Samples", "{503567C3-3A65-4C59-A052-B5A1A9267FC6}"
EndProject
Project("{9A19103F-16F7-4668-BE54-9A1E7A4F7556}") = "SampleTestProject", "Samples\SampleTestProject\SampleTestProject.csproj", "{349AB0F2-DF88-49C7-A784-DEE4C3BA7BB3}"
EndProject
Project("{9A19103F-16F7-4668-BE54-9A1E7A4F7556}") = "SampleProject", "Samples\SampleProject\SampleProject.csproj", "{EF5AFAF9-A0F7-4950-83E5-6119919A39B3}"
EndProject
Project("{2150E333-8FDC-42A3-9474-1A3956D46DE8}") = "docs", "docs", "{53455285-1A9A-4231-9467-C190266EB422}"
	ProjectSection(SolutionItems) = preProject
		CHANGELOG.md = CHANGELOG.md
	EndProjectSection
EndProject
Project("{2150E333-8FDC-42A3-9474-1A3956D46DE8}") = "Tests", "Tests", "{34D14563-E89B-4337-B751-C50D9149C827}"
EndProject
Project("{9A19103F-16F7-4668-BE54-9A1E7A4F7556}") = "Buildenator.Abstraction", "Buildenator.Abstraction\Buildenator.Abstraction.csproj", "{F477D68B-0704-4D9A-B8DA-941FC25AB473}"
EndProject
Project("{9A19103F-16F7-4668-BE54-9A1E7A4F7556}") = "Buildenator.IntegrationTests", "Tests\Buildenator.IntegrationTests\Buildenator.IntegrationTests.csproj", "{2A0C17DF-AAC6-40DC-B27B-2DC1F57B38E4}"
EndProject
Project("{9A19103F-16F7-4668-BE54-9A1E7A4F7556}") = "Buildenator.IntegrationTests.Source", "Tests\Buildenator.IntegrationTests.Source\Buildenator.IntegrationTests.Source.csproj", "{0622FAF2-5B9A-45C8-9D0D-51FB2335501D}"
EndProject
Global
	GlobalSection(SolutionConfigurationPlatforms) = preSolution
		Debug|Any CPU = Debug|Any CPU
		Release|Any CPU = Release|Any CPU
	EndGlobalSection
	GlobalSection(ProjectConfigurationPlatforms) = postSolution
		{DF20C7D1-9B74-49AA-AC16-45CE0CB2747F}.Debug|Any CPU.ActiveCfg = Debug|Any CPU
		{DF20C7D1-9B74-49AA-AC16-45CE0CB2747F}.Debug|Any CPU.Build.0 = Debug|Any CPU
		{DF20C7D1-9B74-49AA-AC16-45CE0CB2747F}.Release|Any CPU.ActiveCfg = Release|Any CPU
		{DF20C7D1-9B74-49AA-AC16-45CE0CB2747F}.Release|Any CPU.Build.0 = Release|Any CPU
		{349AB0F2-DF88-49C7-A784-DEE4C3BA7BB3}.Debug|Any CPU.ActiveCfg = Debug|Any CPU
		{349AB0F2-DF88-49C7-A784-DEE4C3BA7BB3}.Debug|Any CPU.Build.0 = Debug|Any CPU
		{349AB0F2-DF88-49C7-A784-DEE4C3BA7BB3}.Release|Any CPU.ActiveCfg = Release|Any CPU
		{349AB0F2-DF88-49C7-A784-DEE4C3BA7BB3}.Release|Any CPU.Build.0 = Release|Any CPU
		{EF5AFAF9-A0F7-4950-83E5-6119919A39B3}.Debug|Any CPU.ActiveCfg = Debug|Any CPU
		{EF5AFAF9-A0F7-4950-83E5-6119919A39B3}.Debug|Any CPU.Build.0 = Debug|Any CPU
		{EF5AFAF9-A0F7-4950-83E5-6119919A39B3}.Release|Any CPU.ActiveCfg = Release|Any CPU
		{EF5AFAF9-A0F7-4950-83E5-6119919A39B3}.Release|Any CPU.Build.0 = Release|Any CPU
		{F477D68B-0704-4D9A-B8DA-941FC25AB473}.Debug|Any CPU.ActiveCfg = Debug|Any CPU
		{F477D68B-0704-4D9A-B8DA-941FC25AB473}.Debug|Any CPU.Build.0 = Debug|Any CPU
		{F477D68B-0704-4D9A-B8DA-941FC25AB473}.Release|Any CPU.ActiveCfg = Release|Any CPU
		{F477D68B-0704-4D9A-B8DA-941FC25AB473}.Release|Any CPU.Build.0 = Release|Any CPU
		{2A0C17DF-AAC6-40DC-B27B-2DC1F57B38E4}.Debug|Any CPU.ActiveCfg = Debug|Any CPU
		{2A0C17DF-AAC6-40DC-B27B-2DC1F57B38E4}.Debug|Any CPU.Build.0 = Debug|Any CPU
		{2A0C17DF-AAC6-40DC-B27B-2DC1F57B38E4}.Release|Any CPU.ActiveCfg = Release|Any CPU
		{2A0C17DF-AAC6-40DC-B27B-2DC1F57B38E4}.Release|Any CPU.Build.0 = Release|Any CPU
		{0622FAF2-5B9A-45C8-9D0D-51FB2335501D}.Debug|Any CPU.ActiveCfg = Debug|Any CPU
		{0622FAF2-5B9A-45C8-9D0D-51FB2335501D}.Debug|Any CPU.Build.0 = Debug|Any CPU
		{0622FAF2-5B9A-45C8-9D0D-51FB2335501D}.Release|Any CPU.ActiveCfg = Release|Any CPU
		{0622FAF2-5B9A-45C8-9D0D-51FB2335501D}.Release|Any CPU.Build.0 = Release|Any CPU
	EndGlobalSection
	GlobalSection(SolutionProperties) = preSolution
		HideSolutionNode = FALSE
	EndGlobalSection
	GlobalSection(NestedProjects) = preSolution
		{349AB0F2-DF88-49C7-A784-DEE4C3BA7BB3} = {503567C3-3A65-4C59-A052-B5A1A9267FC6}
		{EF5AFAF9-A0F7-4950-83E5-6119919A39B3} = {503567C3-3A65-4C59-A052-B5A1A9267FC6}
		{2A0C17DF-AAC6-40DC-B27B-2DC1F57B38E4} = {34D14563-E89B-4337-B751-C50D9149C827}
		{0622FAF2-5B9A-45C8-9D0D-51FB2335501D} = {34D14563-E89B-4337-B751-C50D9149C827}
	EndGlobalSection
	GlobalSection(ExtensibilityGlobals) = postSolution
		SolutionGuid = {04953D1F-3E96-4E7A-B1C8-C71198D797F6}
	EndGlobalSection
EndGlobal
